
Microsoft Visual Studio Solution File, Format Version 12.00
# Visual Studio Version 16
VisualStudioVersion = 16.0.31911.196
MinimumVisualStudioVersion = 10.0.40219.1
Project("{9A19103F-16F7-4668-BE54-9A1E7A4F7556}") = "UnitTests", "..\UnitTests\UnitTests.csproj", "{7C4D8B5B-7EB6-456A-97BD-CBA847F6B895}"
EndProject
Project("{9A19103F-16F7-4668-BE54-9A1E7A4F7556}") = "TestData", "..\TestData\TestData.csproj", "{F37DC35F-086A-4CBD-A7EE-838CFD219687}"
EndProject
Project("{9A19103F-16F7-4668-BE54-9A1E7A4F7556}") = "SeleniumNavigation", "..\SeleniumNavigation\SeleniumNavigation.csproj", "{835250D2-23D6-4410-BE50-0A3D31E2F8A8}"
EndProject
Project("{FAE04EC0-301F-11D3-BF4B-00C04F79EFBC}") = "AssessmentTest", "AssessmentTest\AssessmentTest.csproj", "{F2CC422B-38FD-4F7C-9829-EEF27E25DA3E}"
EndProject
Global
	GlobalSection(SolutionConfigurationPlatforms) = preSolution
		Debug|Any CPU = Debug|Any CPU
		Release|Any CPU = Release|Any CPU
	EndGlobalSection
	GlobalSection(ProjectConfigurationPlatforms) = postSolution
		{7C4D8B5B-7EB6-456A-97BD-CBA847F6B895}.Debug|Any CPU.ActiveCfg = Debug|Any CPU
		{7C4D8B5B-7EB6-456A-97BD-CBA847F6B895}.Debug|Any CPU.Build.0 = Debug|Any CPU
		{7C4D8B5B-7EB6-456A-97BD-CBA847F6B895}.Release|Any CPU.ActiveCfg = Release|Any CPU
		{7C4D8B5B-7EB6-456A-97BD-CBA847F6B895}.Release|Any CPU.Build.0 = Release|Any CPU
		{F37DC35F-086A-4CBD-A7EE-838CFD219687}.Debug|Any CPU.ActiveCfg = Debug|Any CPU
		{F37DC35F-086A-4CBD-A7EE-838CFD219687}.Debug|Any CPU.Build.0 = Debug|Any CPU
		{F37DC35F-086A-4CBD-A7EE-838CFD219687}.Release|Any CPU.ActiveCfg = Release|Any CPU
		{F37DC35F-086A-4CBD-A7EE-838CFD219687}.Release|Any CPU.Build.0 = Release|Any CPU
		{835250D2-23D6-4410-BE50-0A3D31E2F8A8}.Debug|Any CPU.ActiveCfg = Debug|Any CPU
		{835250D2-23D6-4410-BE50-0A3D31E2F8A8}.Debug|Any CPU.Build.0 = Debug|Any CPU
		{835250D2-23D6-4410-BE50-0A3D31E2F8A8}.Release|Any CPU.ActiveCfg = Release|Any CPU
		{835250D2-23D6-4410-BE50-0A3D31E2F8A8}.Release|Any CPU.Build.0 = Release|Any CPU
		{F2CC422B-38FD-4F7C-9829-EEF27E25DA3E}.Debug|Any CPU.ActiveCfg = Debug|Any CPU
		{F2CC422B-38FD-4F7C-9829-EEF27E25DA3E}.Debug|Any CPU.Build.0 = Debug|Any CPU
		{F2CC422B-38FD-4F7C-9829-EEF27E25DA3E}.Release|Any CPU.ActiveCfg = Release|Any CPU
		{F2CC422B-38FD-4F7C-9829-EEF27E25DA3E}.Release|Any CPU.Build.0 = Release|Any CPU
	EndGlobalSection
	GlobalSection(SolutionProperties) = preSolution
		HideSolutionNode = FALSE
	EndGlobalSection
	GlobalSection(ExtensibilityGlobals) = postSolution
		SolutionGuid = {7B146D06-8752-48B8-830F-884AC2865296}
	EndGlobalSection
EndGlobal
